
Microsoft Visual Studio Solution File, Format Version 12.00
# Visual Studio Version 16
VisualStudioVersion = 16.0.31019.35
MinimumVisualStudioVersion = 10.0.40219.1
Project("{9A19103F-16F7-4668-BE54-9A1E7A4F7556}") = "EducationPortal", "EducationPortal\EducationPortal.csproj", "{1EAD3CD1-36A7-4666-BBFD-9F79172667F1}"
EndProject
Project("{9A19103F-16F7-4668-BE54-9A1E7A4F7556}") = "Data", "Data\Data.csproj", "{37D74F61-D8C1-46A5-825E-88CBD89C8574}"
EndProject
Project("{9A19103F-16F7-4668-BE54-9A1E7A4F7556}") = "Entities", "Entities\Entities.csproj", "{57417931-BA5A-487B-AB88-9F998429D8A8}"
EndProject
Project("{2150E333-8FDC-42A3-9474-1A3956D46DE8}") = "DataLayer", "DataLayer", "{1C8A7DB5-8349-4B60-8244-04F21C1B915D}"
EndProject
Project("{2150E333-8FDC-42A3-9474-1A3956D46DE8}") = "DomainLayer", "DomainLayer", "{7044F60E-90C8-4744-8115-331F223AF52E}"
EndProject
Project("{9A19103F-16F7-4668-BE54-9A1E7A4F7556}") = "Domain", "Domain\Domain.csproj", "{F2E33AF9-D85E-4B5A-ACD2-0B0365900AF3}"
EndProject
Project("{9A19103F-16F7-4668-BE54-9A1E7A4F7556}") = "Mappers", "Mappers\Mappers.csproj", "{C9072547-0629-4F75-ACC2-4BC073B50B39}"
EndProject
Project("{9A19103F-16F7-4668-BE54-9A1E7A4F7556}") = "Sevices", "Sevices\Sevices.csproj", "{619421C2-93DF-4173-940C-DAF1EFDFB25E}"
EndProject
Project("{9A19103F-16F7-4668-BE54-9A1E7A4F7556}") = "Storage", "Storage\Storage.csproj", "{8E23F36A-C93C-47AB-B3E7-05CE53A2BEAD}"
EndProject
Project("{2150E333-8FDC-42A3-9474-1A3956D46DE8}") = "UI", "UI", "{30927659-E882-4DA2-9746-FBE612163A0E}"
EndProject
Project("{2150E333-8FDC-42A3-9474-1A3956D46DE8}") = "ApplicationLayer", "ApplicationLayer", "{3224E7AD-B6C7-496B-A625-C0CBB8D5E357}"
EndProject
Project("{FAE04EC0-301F-11D3-BF4B-00C04F79EFBC}") = "Models", "Models\Models.csproj", "{E70E7BB4-B9EC-4E9A-9CC2-BC6FF2158266}"
EndProject
Project("{FAE04EC0-301F-11D3-BF4B-00C04F79EFBC}") = "ConsoleView", "ConsoleView\ConsoleView.csproj", "{3B819FD4-D8F5-4DD2-900C-6A7460BBEA3F}"
EndProject
Project("{FAE04EC0-301F-11D3-BF4B-00C04F79EFBC}") = "API", "API\API.csproj", "{9D2A913A-C56A-472B-8C19-2683C5181492}"
EndProject
Global
	GlobalSection(SolutionConfigurationPlatforms) = preSolution
		Debug|Any CPU = Debug|Any CPU
		Release|Any CPU = Release|Any CPU
	EndGlobalSection
	GlobalSection(ProjectConfigurationPlatforms) = postSolution
		{1EAD3CD1-36A7-4666-BBFD-9F79172667F1}.Debug|Any CPU.ActiveCfg = Debug|Any CPU
		{1EAD3CD1-36A7-4666-BBFD-9F79172667F1}.Debug|Any CPU.Build.0 = Debug|Any CPU
		{1EAD3CD1-36A7-4666-BBFD-9F79172667F1}.Release|Any CPU.ActiveCfg = Release|Any CPU
		{1EAD3CD1-36A7-4666-BBFD-9F79172667F1}.Release|Any CPU.Build.0 = Release|Any CPU
		{37D74F61-D8C1-46A5-825E-88CBD89C8574}.Debug|Any CPU.ActiveCfg = Debug|Any CPU
		{37D74F61-D8C1-46A5-825E-88CBD89C8574}.Debug|Any CPU.Build.0 = Debug|Any CPU
		{37D74F61-D8C1-46A5-825E-88CBD89C8574}.Release|Any CPU.ActiveCfg = Release|Any CPU
		{37D74F61-D8C1-46A5-825E-88CBD89C8574}.Release|Any CPU.Build.0 = Release|Any CPU
		{57417931-BA5A-487B-AB88-9F998429D8A8}.Debug|Any CPU.ActiveCfg = Debug|Any CPU
		{57417931-BA5A-487B-AB88-9F998429D8A8}.Debug|Any CPU.Build.0 = Debug|Any CPU
		{57417931-BA5A-487B-AB88-9F998429D8A8}.Release|Any CPU.ActiveCfg = Release|Any CPU
		{57417931-BA5A-487B-AB88-9F998429D8A8}.Release|Any CPU.Build.0 = Release|Any CPU
		{F2E33AF9-D85E-4B5A-ACD2-0B0365900AF3}.Debug|Any CPU.ActiveCfg = Debug|Any CPU
		{F2E33AF9-D85E-4B5A-ACD2-0B0365900AF3}.Debug|Any CPU.Build.0 = Debug|Any CPU
		{F2E33AF9-D85E-4B5A-ACD2-0B0365900AF3}.Release|Any CPU.ActiveCfg = Release|Any CPU
		{F2E33AF9-D85E-4B5A-ACD2-0B0365900AF3}.Release|Any CPU.Build.0 = Release|Any CPU
		{C9072547-0629-4F75-ACC2-4BC073B50B39}.Debug|Any CPU.ActiveCfg = Debug|Any CPU
		{C9072547-0629-4F75-ACC2-4BC073B50B39}.Debug|Any CPU.Build.0 = Debug|Any CPU
		{C9072547-0629-4F75-ACC2-4BC073B50B39}.Release|Any CPU.ActiveCfg = Release|Any CPU
		{C9072547-0629-4F75-ACC2-4BC073B50B39}.Release|Any CPU.Build.0 = Release|Any CPU
		{619421C2-93DF-4173-940C-DAF1EFDFB25E}.Debug|Any CPU.ActiveCfg = Debug|Any CPU
		{619421C2-93DF-4173-940C-DAF1EFDFB25E}.Debug|Any CPU.Build.0 = Debug|Any CPU
		{619421C2-93DF-4173-940C-DAF1EFDFB25E}.Release|Any CPU.ActiveCfg = Release|Any CPU
		{619421C2-93DF-4173-940C-DAF1EFDFB25E}.Release|Any CPU.Build.0 = Release|Any CPU
		{8E23F36A-C93C-47AB-B3E7-05CE53A2BEAD}.Debug|Any CPU.ActiveCfg = Debug|Any CPU
		{8E23F36A-C93C-47AB-B3E7-05CE53A2BEAD}.Debug|Any CPU.Build.0 = Debug|Any CPU
		{8E23F36A-C93C-47AB-B3E7-05CE53A2BEAD}.Release|Any CPU.ActiveCfg = Release|Any CPU
		{8E23F36A-C93C-47AB-B3E7-05CE53A2BEAD}.Release|Any CPU.Build.0 = Release|Any CPU
		{E70E7BB4-B9EC-4E9A-9CC2-BC6FF2158266}.Debug|Any CPU.ActiveCfg = Debug|Any CPU
		{E70E7BB4-B9EC-4E9A-9CC2-BC6FF2158266}.Debug|Any CPU.Build.0 = Debug|Any CPU
		{E70E7BB4-B9EC-4E9A-9CC2-BC6FF2158266}.Release|Any CPU.ActiveCfg = Release|Any CPU
		{E70E7BB4-B9EC-4E9A-9CC2-BC6FF2158266}.Release|Any CPU.Build.0 = Release|Any CPU
		{3B819FD4-D8F5-4DD2-900C-6A7460BBEA3F}.Debug|Any CPU.ActiveCfg = Debug|Any CPU
		{3B819FD4-D8F5-4DD2-900C-6A7460BBEA3F}.Debug|Any CPU.Build.0 = Debug|Any CPU
		{3B819FD4-D8F5-4DD2-900C-6A7460BBEA3F}.Release|Any CPU.ActiveCfg = Release|Any CPU
		{3B819FD4-D8F5-4DD2-900C-6A7460BBEA3F}.Release|Any CPU.Build.0 = Release|Any CPU
		{9D2A913A-C56A-472B-8C19-2683C5181492}.Debug|Any CPU.ActiveCfg = Debug|Any CPU
		{9D2A913A-C56A-472B-8C19-2683C5181492}.Debug|Any CPU.Build.0 = Debug|Any CPU
		{9D2A913A-C56A-472B-8C19-2683C5181492}.Release|Any CPU.ActiveCfg = Release|Any CPU
		{9D2A913A-C56A-472B-8C19-2683C5181492}.Release|Any CPU.Build.0 = Release|Any CPU
	EndGlobalSection
	GlobalSection(SolutionProperties) = preSolution
		HideSolutionNode = FALSE
	EndGlobalSection
	GlobalSection(NestedProjects) = preSolution
		{37D74F61-D8C1-46A5-825E-88CBD89C8574} = {1C8A7DB5-8349-4B60-8244-04F21C1B915D}
		{57417931-BA5A-487B-AB88-9F998429D8A8} = {1C8A7DB5-8349-4B60-8244-04F21C1B915D}
		{F2E33AF9-D85E-4B5A-ACD2-0B0365900AF3} = {7044F60E-90C8-4744-8115-331F223AF52E}
		{C9072547-0629-4F75-ACC2-4BC073B50B39} = {7044F60E-90C8-4744-8115-331F223AF52E}
		{619421C2-93DF-4173-940C-DAF1EFDFB25E} = {7044F60E-90C8-4744-8115-331F223AF52E}
		{8E23F36A-C93C-47AB-B3E7-05CE53A2BEAD} = {1C8A7DB5-8349-4B60-8244-04F21C1B915D}
		{E70E7BB4-B9EC-4E9A-9CC2-BC6FF2158266} = {3224E7AD-B6C7-496B-A625-C0CBB8D5E357}
		{3B819FD4-D8F5-4DD2-900C-6A7460BBEA3F} = {30927659-E882-4DA2-9746-FBE612163A0E}
		{9D2A913A-C56A-472B-8C19-2683C5181492} = {3224E7AD-B6C7-496B-A625-C0CBB8D5E357}
	EndGlobalSection
	GlobalSection(ExtensibilityGlobals) = postSolution
		SolutionGuid = {384E78FF-B7A8-4B36-BFCF-218FD973C9DE}
	EndGlobalSection
EndGlobal
